
Microsoft Visual Studio Solution File, Format Version 12.00
# Visual Studio Version 17
VisualStudioVersion = 17.3.32929.385
MinimumVisualStudioVersion = 10.0.40219.1
Project("{FAE04EC0-301F-11D3-BF4B-00C04F79EFBC}") = "Usando Heranca e Implementando Interfaces", "Usando Heranca e Implementando Interfaces\Usando Heranca e Implementando Interfaces.csproj", "{C1531DF0-04B8-4E50-BDE1-C0F9A7E04E1C}"
EndProject
Global
	GlobalSection(SolutionConfigurationPlatforms) = preSolution
		Debug|Any CPU = Debug|Any CPU
		Release|Any CPU = Release|Any CPU
	EndGlobalSection
	GlobalSection(ProjectConfigurationPlatforms) = postSolution
		{C1531DF0-04B8-4E50-BDE1-C0F9A7E04E1C}.Debug|Any CPU.ActiveCfg = Debug|Any CPU
		{C1531DF0-04B8-4E50-BDE1-C0F9A7E04E1C}.Debug|Any CPU.Build.0 = Debug|Any CPU
		{C1531DF0-04B8-4E50-BDE1-C0F9A7E04E1C}.Release|Any CPU.ActiveCfg = Release|Any CPU
		{C1531DF0-04B8-4E50-BDE1-C0F9A7E04E1C}.Release|Any CPU.Build.0 = Release|Any CPU
	EndGlobalSection
	GlobalSection(SolutionProperties) = preSolution
		HideSolutionNode = FALSE
	EndGlobalSection
	GlobalSection(ExtensibilityGlobals) = postSolution
		SolutionGuid = {28A3C351-C1F6-4A01-ADBB-5EFC97BADA77}
	EndGlobalSection
EndGlobal
